// !$*UTF8*$!
{
	archiveVersion = 1;
	classes = {
	};
	objectVersion = 46;
	objects = {

/* Begin PBXBuildFile section */
		385B3E9D1A867BE3007A2F06 /* main.m in Sources */ = {isa = PBXBuildFile; fileRef = 385B3E9C1A867BE3007A2F06 /* main.m */; };
		385B3EA01A867BE3007A2F06 /* AppDelegate.m in Sources */ = {isa = PBXBuildFile; fileRef = 385B3E9F1A867BE3007A2F06 /* AppDelegate.m */; };
		385B3EA31A867BE3007A2F06 /* ViewController.m in Sources */ = {isa = PBXBuildFile; fileRef = 385B3EA21A867BE3007A2F06 /* ViewController.m */; };
		385B3EA61A867BE3007A2F06 /* Main.storyboard in Resources */ = {isa = PBXBuildFile; fileRef = 385B3EA41A867BE3007A2F06 /* Main.storyboard */; };
		385B3EA81A867BE3007A2F06 /* Images.xcassets in Resources */ = {isa = PBXBuildFile; fileRef = 385B3EA71A867BE3007A2F06 /* Images.xcassets */; };
		385B3EAB1A867BE3007A2F06 /* LaunchScreen.xib in Resources */ = {isa = PBXBuildFile; fileRef = 385B3EA91A867BE3007A2F06 /* LaunchScreen.xib */; };
		385B3EB71A867BE3007A2F06 /* FinesseTests.m in Sources */ = {isa = PBXBuildFile; fileRef = 385B3EB61A867BE3007A2F06 /* FinesseTests.m */; };
/* End PBXBuildFile section */

/* Begin PBXContainerItemProxy section */
		385B3EB11A867BE3007A2F06 /* PBXContainerItemProxy */ = {
			isa = PBXContainerItemProxy;
			containerPortal = 385B3E8F1A867BE3007A2F06 /* Project object */;
			proxyType = 1;
			remoteGlobalIDString = 385B3E961A867BE3007A2F06;
			remoteInfo = Finesse;
		};
/* End PBXContainerItemProxy section */

/* Begin PBXFileReference section */
		385B3E971A867BE3007A2F06 /* Finesse.app */ = {isa = PBXFileReference; explicitFileType = wrapper.application; includeInIndex = 0; path = Finesse.app; sourceTree = BUILT_PRODUCTS_DIR; };
		385B3E9B1A867BE3007A2F06 /* Info.plist */ = {isa = PBXFileReference; lastKnownFileType = text.plist.xml; path = Info.plist; sourceTree = "<group>"; };
		385B3E9C1A867BE3007A2F06 /* main.m */ = {isa = PBXFileReference; lastKnownFileType = sourcecode.c.objc; path = main.m; sourceTree = "<group>"; };
		385B3E9E1A867BE3007A2F06 /* AppDelegate.h */ = {isa = PBXFileReference; lastKnownFileType = sourcecode.c.h; path = AppDelegate.h; sourceTree = "<group>"; };
		385B3E9F1A867BE3007A2F06 /* AppDelegate.m */ = {isa = PBXFileReference; lastKnownFileType = sourcecode.c.objc; path = AppDelegate.m; sourceTree = "<group>"; };
		385B3EA11A867BE3007A2F06 /* ViewController.h */ = {isa = PBXFileReference; lastKnownFileType = sourcecode.c.h; path = ViewController.h; sourceTree = "<group>"; };
		385B3EA21A867BE3007A2F06 /* ViewController.m */ = {isa = PBXFileReference; lastKnownFileType = sourcecode.c.objc; path = ViewController.m; sourceTree = "<group>"; };
		385B3EA51A867BE3007A2F06 /* Base */ = {isa = PBXFileReference; lastKnownFileType = file.storyboard; name = Base; path = Base.lproj/Main.storyboard; sourceTree = "<group>"; };
		385B3EA71A867BE3007A2F06 /* Images.xcassets */ = {isa = PBXFileReference; lastKnownFileType = folder.assetcatalog; path = Images.xcassets; sourceTree = "<group>"; };
		385B3EAA1A867BE3007A2F06 /* Base */ = {isa = PBXFileReference; lastKnownFileType = file.xib; name = Base; path = Base.lproj/LaunchScreen.xib; sourceTree = "<group>"; };
		385B3EB01A867BE3007A2F06 /* FinesseTests.xctest */ = {isa = PBXFileReference; explicitFileType = wrapper.cfbundle; includeInIndex = 0; path = FinesseTests.xctest; sourceTree = BUILT_PRODUCTS_DIR; };
		385B3EB51A867BE3007A2F06 /* Info.plist */ = {isa = PBXFileReference; lastKnownFileType = text.plist.xml; path = Info.plist; sourceTree = "<group>"; };
		385B3EB61A867BE3007A2F06 /* FinesseTests.m */ = {isa = PBXFileReference; lastKnownFileType = sourcecode.c.objc; path = FinesseTests.m; sourceTree = "<group>"; };
/* End PBXFileReference section */

/* Begin PBXFrameworksBuildPhase section */
		385B3E941A867BE3007A2F06 /* Frameworks */ = {
			isa = PBXFrameworksBuildPhase;
			buildActionMask = 2147483647;
			files = (
			);
			runOnlyForDeploymentPostprocessing = 0;
		};
		385B3EAD1A867BE3007A2F06 /* Frameworks */ = {
			isa = PBXFrameworksBuildPhase;
			buildActionMask = 2147483647;
			files = (
			);
			runOnlyForDeploymentPostprocessing = 0;
		};
/* End PBXFrameworksBuildPhase section */

/* Begin PBXGroup section */
		385B3E8E1A867BE3007A2F06 = {
			isa = PBXGroup;
			children = (
				385B3E991A867BE3007A2F06 /* Finesse */,
				385B3EB31A867BE3007A2F06 /* FinesseTests */,
				385B3E981A867BE3007A2F06 /* Products */,
			);
			sourceTree = "<group>";
		};
		385B3E981A867BE3007A2F06 /* Products */ = {
			isa = PBXGroup;
			children = (
				385B3E971A867BE3007A2F06 /* Finesse.app */,
				385B3EB01A867BE3007A2F06 /* FinesseTests.xctest */,
			);
			name = Products;
			sourceTree = "<group>";
		};
		385B3E991A867BE3007A2F06 /* Finesse */ = {
			isa = PBXGroup;
			children = (
				385B3E9E1A867BE3007A2F06 /* AppDelegate.h */,
				385B3E9F1A867BE3007A2F06 /* AppDelegate.m */,
				385B3EA11A867BE3007A2F06 /* ViewController.h */,
				385B3EA21A867BE3007A2F06 /* ViewController.m */,
				385B3EA41A867BE3007A2F06 /* Main.storyboard */,
				385B3EA71A867BE3007A2F06 /* Images.xcassets */,
				385B3EA91A867BE3007A2F06 /* LaunchScreen.xib */,
				385B3E9A1A867BE3007A2F06 /* Supporting Files */,
			);
			path = Finesse;
			sourceTree = "<group>";
		};
		385B3E9A1A867BE3007A2F06 /* Supporting Files */ = {
			isa = PBXGroup;
			children = (
				385B3E9B1A867BE3007A2F06 /* Info.plist */,
				385B3E9C1A867BE3007A2F06 /* main.m */,
			);
			name = "Supporting Files";
			sourceTree = "<group>";
		};
		385B3EB31A867BE3007A2F06 /* FinesseTests */ = {
			isa = PBXGroup;
			children = (
				385B3EB61A867BE3007A2F06 /* FinesseTests.m */,
				385B3EB41A867BE3007A2F06 /* Supporting Files */,
			);
			path = FinesseTests;
			sourceTree = "<group>";
		};
		385B3EB41A867BE3007A2F06 /* Supporting Files */ = {
			isa = PBXGroup;
			children = (
				385B3EB51A867BE3007A2F06 /* Info.plist */,
			);
			name = "Supporting Files";
			sourceTree = "<group>";
		};
/* End PBXGroup section */

/* Begin PBXNativeTarget section */
		385B3E961A867BE3007A2F06 /* Finesse */ = {
			isa = PBXNativeTarget;
			buildConfigurationList = 385B3EBA1A867BE3007A2F06 /* Build configuration list for PBXNativeTarget "Finesse" */;
			buildPhases = (
				385B3E931A867BE3007A2F06 /* Sources */,
				385B3E941A867BE3007A2F06 /* Frameworks */,
				385B3E951A867BE3007A2F06 /* Resources */,
			);
			buildRules = (
			);
			dependencies = (
			);
			name = Finesse;
			productName = Finesse;
			productReference = 385B3E971A867BE3007A2F06 /* Finesse.app */;
			productType = "com.apple.product-type.application";
		};
		385B3EAF1A867BE3007A2F06 /* FinesseTests */ = {
			isa = PBXNativeTarget;
			buildConfigurationList = 385B3EBD1A867BE3007A2F06 /* Build configuration list for PBXNativeTarget "FinesseTests" */;
			buildPhases = (
				385B3EAC1A867BE3007A2F06 /* Sources */,
				385B3EAD1A867BE3007A2F06 /* Frameworks */,
				385B3EAE1A867BE3007A2F06 /* Resources */,
			);
			buildRules = (
			);
			dependencies = (
				385B3EB21A867BE3007A2F06 /* PBXTargetDependency */,
			);
			name = FinesseTests;
			productName = FinesseTests;
			productReference = 385B3EB01A867BE3007A2F06 /* FinesseTests.xctest */;
			productType = "com.apple.product-type.bundle.unit-test";
		};
/* End PBXNativeTarget section */

/* Begin PBXProject section */
		385B3E8F1A867BE3007A2F06 /* Project object */ = {
			isa = PBXProject;
			attributes = {
				LastUpgradeCheck = 0610;
				ORGANIZATIONNAME = "Code Fellows Malibu Awesome";
				TargetAttributes = {
					385B3E961A867BE3007A2F06 = {
						CreatedOnToolsVersion = 6.1.1;
					};
					385B3EAF1A867BE3007A2F06 = {
						CreatedOnToolsVersion = 6.1.1;
						TestTargetID = 385B3E961A867BE3007A2F06;
					};
				};
			};
			buildConfigurationList = 385B3E921A867BE3007A2F06 /* Build configuration list for PBXProject "Finesse" */;
			compatibilityVersion = "Xcode 3.2";
			developmentRegion = English;
			hasScannedForEncodings = 0;
			knownRegions = (
				en,
				Base,
			);
			mainGroup = 385B3E8E1A867BE3007A2F06;
			productRefGroup = 385B3E981A867BE3007A2F06 /* Products */;
			projectDirPath = "";
			projectRoot = "";
			targets = (
				385B3E961A867BE3007A2F06 /* Finesse */,
				385B3EAF1A867BE3007A2F06 /* FinesseTests */,
			);
		};
/* End PBXProject section */

/* Begin PBXResourcesBuildPhase section */
		385B3E951A867BE3007A2F06 /* Resources */ = {
			isa = PBXResourcesBuildPhase;
			buildActionMask = 2147483647;
			files = (
				385B3EA61A867BE3007A2F06 /* Main.storyboard in Resources */,
				385B3EAB1A867BE3007A2F06 /* LaunchScreen.xib in Resources */,
				385B3EA81A867BE3007A2F06 /* Images.xcassets in Resources */,
			);
			runOnlyForDeploymentPostprocessing = 0;
		};
		385B3EAE1A867BE3007A2F06 /* Resources */ = {
			isa = PBXResourcesBuildPhase;
			buildActionMask = 2147483647;
			files = (
			);
			runOnlyForDeploymentPostprocessing = 0;
		};
/* End PBXResourcesBuildPhase section */

/* Begin PBXSourcesBuildPhase section */
		385B3E931A867BE3007A2F06 /* Sources */ = {
			isa = PBXSourcesBuildPhase;
			buildActionMask = 2147483647;
			files = (
				385B3EA31A867BE3007A2F06 /* ViewController.m in Sources */,
				385B3EA01A867BE3007A2F06 /* AppDelegate.m in Sources */,
				385B3E9D1A867BE3007A2F06 /* main.m in Sources */,
			);
			runOnlyForDeploymentPostprocessing = 0;
		};
		385B3EAC1A867BE3007A2F06 /* Sources */ = {
			isa = PBXSourcesBuildPhase;
			buildActionMask = 2147483647;
			files = (
				385B3EB71A867BE3007A2F06 /* FinesseTests.m in Sources */,
			);
			runOnlyForDeploymentPostprocessing = 0;
		};
/* End PBXSourcesBuildPhase section */

/* Begin PBXTargetDependency section */
		385B3EB21A867BE3007A2F06 /* PBXTargetDependency */ = {
			isa = PBXTargetDependency;
			target = 385B3E961A867BE3007A2F06 /* Finesse */;
			targetProxy = 385B3EB11A867BE3007A2F06 /* PBXContainerItemProxy */;
		};
/* End PBXTargetDependency section */

/* Begin PBXVariantGroup section */
		385B3EA41A867BE3007A2F06 /* Main.storyboard */ = {
			isa = PBXVariantGroup;
			children = (
				385B3EA51A867BE3007A2F06 /* Base */,
			);
			name = Main.storyboard;
			sourceTree = "<group>";
		};
		385B3EA91A867BE3007A2F06 /* LaunchScreen.xib */ = {
			isa = PBXVariantGroup;
			children = (
				385B3EAA1A867BE3007A2F06 /* Base */,
			);
			name = LaunchScreen.xib;
			sourceTree = "<group>";
		};
/* End PBXVariantGroup section */

/* Begin XCBuildConfiguration section */
		385B3EB81A867BE3007A2F06 /* Debug */ = {
			isa = XCBuildConfiguration;
			buildSettings = {
				ALWAYS_SEARCH_USER_PATHS = NO;
				CLANG_CXX_LANGUAGE_STANDARD = "gnu++0x";
				CLANG_CXX_LIBRARY = "libc++";
				CLANG_ENABLE_MODULES = YES;
				CLANG_ENABLE_OBJC_ARC = YES;
				CLANG_WARN_BOOL_CONVERSION = YES;
				CLANG_WARN_CONSTANT_CONVERSION = YES;
				CLANG_WARN_DIRECT_OBJC_ISA_USAGE = YES_ERROR;
				CLANG_WARN_EMPTY_BODY = YES;
				CLANG_WARN_ENUM_CONVERSION = YES;
				CLANG_WARN_INT_CONVERSION = YES;
				CLANG_WARN_OBJC_ROOT_CLASS = YES_ERROR;
				CLANG_WARN_UNREACHABLE_CODE = YES;
				CLANG_WARN__DUPLICATE_METHOD_MATCH = YES;
				"CODE_SIGN_IDENTITY[sdk=iphoneos*]" = "iPhone Developer";
				COPY_PHASE_STRIP = NO;
				ENABLE_STRICT_OBJC_MSGSEND = YES;
				GCC_C_LANGUAGE_STANDARD = gnu99;
				GCC_DYNAMIC_NO_PIC = NO;
				GCC_OPTIMIZATION_LEVEL = 0;
				GCC_PREPROCESSOR_DEFINITIONS = (
					"DEBUG=1",
					"$(inherited)",
				);
				GCC_SYMBOLS_PRIVATE_EXTERN = NO;
				GCC_WARN_64_TO_32_BIT_CONVERSION = YES;
				GCC_WARN_ABOUT_RETURN_TYPE = YES_ERROR;
				GCC_WARN_UNDECLARED_SELECTOR = YES;
				GCC_WARN_UNINITIALIZED_AUTOS = YES_AGGRESSIVE;
				GCC_WARN_UNUSED_FUNCTION = YES;
				GCC_WARN_UNUSED_VARIABLE = YES;
				IPHONEOS_DEPLOYMENT_TARGET = 8.1;
				MTL_ENABLE_DEBUG_INFO = YES;
				ONLY_ACTIVE_ARCH = YES;
				SDKROOT = iphoneos;
				TARGETED_DEVICE_FAMILY = "1,2";
			};
			name = Debug;
		};
		385B3EB91A867BE3007A2F06 /* Release */ = {
			isa = XCBuildConfiguration;
			buildSettings = {
				ALWAYS_SEARCH_USER_PATHS = NO;
				CLANG_CXX_LANGUAGE_STANDARD = "gnu++0x";
				CLANG_CXX_LIBRARY = "libc++";
				CLANG_ENABLE_MODULES = YES;
				CLANG_ENABLE_OBJC_ARC = YES;
				CLANG_WARN_BOOL_CONVERSION = YES;
				CLANG_WARN_CONSTANT_CONVERSION = YES;
				CLANG_WARN_DIRECT_OBJC_ISA_USAGE = YES_ERROR;
				CLANG_WARN_EMPTY_BODY = YES;
				CLANG_WARN_ENUM_CONVERSION = YES;
				CLANG_WARN_INT_CONVERSION = YES;
				CLANG_WARN_OBJC_ROOT_CLASS = YES_ERROR;
				CLANG_WARN_UNREACHABLE_CODE = YES;
				CLANG_WARN__DUPLICATE_METHOD_MATCH = YES;
				"CODE_SIGN_IDENTITY[sdk=iphoneos*]" = "iPhone Developer";
				COPY_PHASE_STRIP = YES;
				ENABLE_NS_ASSERTIONS = NO;
				ENABLE_STRICT_OBJC_MSGSEND = YES;
				GCC_C_LANGUAGE_STANDARD = gnu99;
				GCC_WARN_64_TO_32_BIT_CONVERSION = YES;
				GCC_WARN_ABOUT_RETURN_TYPE = YES_ERROR;
				GCC_WARN_UNDECLARED_SELECTOR = YES;
				GCC_WARN_UNINITIALIZED_AUTOS = YES_AGGRESSIVE;
				GCC_WARN_UNUSED_FUNCTION = YES;
				GCC_WARN_UNUSED_VARIABLE = YES;
				IPHONEOS_DEPLOYMENT_TARGET = 8.1;
				MTL_ENABLE_DEBUG_INFO = NO;
				SDKROOT = iphoneos;
				TARGETED_DEVICE_FAMILY = "1,2";
				VALIDATE_PRODUCT = YES;
			};
			name = Release;
		};
		385B3EBB1A867BE3007A2F06 /* Debug */ = {
			isa = XCBuildConfiguration;
			buildSettings = {
				ASSETCATALOG_COMPILER_APPICON_NAME = AppIcon;
				INFOPLIST_FILE = Finesse/Info.plist;
				LD_RUNPATH_SEARCH_PATHS = "$(inherited) @executable_path/Frameworks";
				PRODUCT_NAME = "$(TARGET_NAME)";
			};
			name = Debug;
		};
		385B3EBC1A867BE3007A2F06 /* Release */ = {
			isa = XCBuildConfiguration;
			buildSettings = {
				ASSETCATALOG_COMPILER_APPICON_NAME = AppIcon;
				INFOPLIST_FILE = Finesse/Info.plist;
				LD_RUNPATH_SEARCH_PATHS = "$(inherited) @executable_path/Frameworks";
				PRODUCT_NAME = "$(TARGET_NAME)";
			};
			name = Release;
		};
		385B3EBE1A867BE3007A2F06 /* Debug */ = {
			isa = XCBuildConfiguration;
			buildSettings = {
				BUNDLE_LOADER = "$(TEST_HOST)";
				FRAMEWORK_SEARCH_PATHS = (
					"$(SDKROOT)/Developer/Library/Frameworks",
					"$(inherited)",
				);
				GCC_PREPROCESSOR_DEFINITIONS = (
					"DEBUG=1",
					"$(inherited)",
				);
				INFOPLIST_FILE = FinesseTests/Info.plist;
				LD_RUNPATH_SEARCH_PATHS = "$(inherited) @executable_path/Frameworks @loader_path/Frameworks";
				PRODUCT_NAME = "$(TARGET_NAME)";
				TEST_HOST = "$(BUILT_PRODUCTS_DIR)/Finesse.app/Finesse";
			};
			name = Debug;
		};
		385B3EBF1A867BE3007A2F06 /* Release */ = {
			isa = XCBuildConfiguration;
			buildSettings = {
				BUNDLE_LOADER = "$(TEST_HOST)";
				FRAMEWORK_SEARCH_PATHS = (
					"$(SDKROOT)/Developer/Library/Frameworks",
					"$(inherited)",
				);
				INFOPLIST_FILE = FinesseTests/Info.plist;
				LD_RUNPATH_SEARCH_PATHS = "$(inherited) @executable_path/Frameworks @loader_path/Frameworks";
				PRODUCT_NAME = "$(TARGET_NAME)";
				TEST_HOST = "$(BUILT_PRODUCTS_DIR)/Finesse.app/Finesse";
			};
			name = Release;
		};
/* End XCBuildConfiguration section */

/* Begin XCConfigurationList section */
		385B3E921A867BE3007A2F06 /* Build configuration list for PBXProject "Finesse" */ = {
			isa = XCConfigurationList;
			buildConfigurations = (
				385B3EB81A867BE3007A2F06 /* Debug */,
				385B3EB91A867BE3007A2F06 /* Release */,
			);
			defaultConfigurationIsVisible = 0;
			defaultConfigurationName = Release;
		};
		385B3EBA1A867BE3007A2F06 /* Build configuration list for PBXNativeTarget "Finesse" */ = {
			isa = XCConfigurationList;
			buildConfigurations = (
				385B3EBB1A867BE3007A2F06 /* Debug */,
				385B3EBC1A867BE3007A2F06 /* Release */,
			);
			defaultConfigurationIsVisible = 0;
		};
		385B3EBD1A867BE3007A2F06 /* Build configuration list for PBXNativeTarget "FinesseTests" */ = {
			isa = XCConfigurationList;
			buildConfigurations = (
				385B3EBE1A867BE3007A2F06 /* Debug */,
				385B3EBF1A867BE3007A2F06 /* Release */,
			);
			defaultConfigurationIsVisible = 0;
		};
/* End XCConfigurationList section */
	};
	rootObject = 385B3E8F1A867BE3007A2F06 /* Project object */;
}
